dependencies:
- name: timesliceorchestrator
  repository: file://./timesliceorchestrator
  version: 0.1.0
- name: snapshot-agent
  repository: file://./snapshot-agent
  version: 0.1.0
- name: node-supervisor
  repository: file://./node-supervisor
  version: 0.1.0
- name: guest-kubelet
  repository: file://./guest-kubelet
  version: 0.1.0
- name: timeslice-webhook
  repository: file://./timeslice-webhook
  version: 0.1.0
- name: donor-controller
  repository: file://./donor-controller
  version: 0.1.0
- name: gpu-shadow
  repository: file://./gpu-shadow
  version: 0.1.0
- name: gpu-metrics
  repository: file://./gpu-metrics
  version: 0.1.0
- name: nvidia-dra-driver-gpu
  repository: https://helm.ngc.nvidia.com/nvidia
  version: 25.8.0
digest: sha256:088d4f37887b38cd9a0e1ab9c71e95c844a9bba96ed035c40f7129a1d47735cb
generated: "2026-10-06T22:30:05.565586601Z"
