dependencies:
- name: timesliceorchestrator
  repository: file://./timesliceorchestrator
  version: 0.1.0
- name: snapshot-agent
  repository: file://./snapshot-agent
  version: 0.1.0
- name: node-supervisor
  repository: file://./node-supervisor
  version: 0.1.0
- name: guest-kubelet
  repository: file://./guest-kubelet
  version: 0.1.0
- name: timeslice-webhook
  repository: file://./timeslice-webhook
  version: 0.1.0
- name: donor-controller
  repository: file://./donor-controller
  version: 0.1.0
- name: gpu-metrics
  repository: file://./gpu-metrics
  version: 0.1.0
- name: nvidia-dra-driver-gpu
  repository: https://helm.ngc.nvidia.com/nvidia
  version: 25.8.0
digest: sha256:4d9837443b2ac75913ab1a604c5679c4e359d97ead1974c45e9632d8bf9dd8d0
generated: "2026-09-30T00:24:02.408375369Z"
